
Microsoft Visual Studio Solution File, Format Version 12.00
# Visual Studio Version 16
VisualStudioVersion = 16.0.30523.141
MinimumVisualStudioVersion = 10.0.40219.1
Project("{FAE04EC0-301F-11D3-BF4B-00C04F79EFBC}") = "DragNDrop", "DragNDrop.csproj", "{9FEB4CBB-084D-419B-9C76-E5A56B05C5AF}"
EndProject
Global
	GlobalSection(SolutionConfigurationPlatforms) = preSolution
		Debug|Any CPU = Debug|Any CPU
		Release|Any CPU = Release|Any CPU
	EndGlobalSection
	GlobalSection(ProjectConfigurationPlatforms) = postSolution
		{9FEB4CBB-084D-419B-9C76-E5A56B05C5AF}.Debug|Any CPU.ActiveCfg = Debug|Any CPU
		{9FEB4CBB-084D-419B-9C76-E5A56B05C5AF}.Debug|Any CPU.Build.0 = Debug|Any CPU
		{9FEB4CBB-084D-419B-9C76-E5A56B05C5AF}.Release|Any CPU.ActiveCfg = Release|Any CPU
		{9FEB4CBB-084D-419B-9C76-E5A56B05C5AF}.Release|Any CPU.Build.0 = Release|Any CPU
	EndGlobalSection
	GlobalSection(SolutionProperties) = preSolution
		HideSolutionNode = FALSE
	EndGlobalSection
	GlobalSection(ExtensibilityGlobals) = postSolution
		SolutionGuid = {97F3C09D-BAB0-4F76-880C-36E8BEB48715}
	EndGlobalSection
EndGlobal
